lockfileVersion: 5.3

specifiers:
  '@prisma/client': ^3.12.0
  dotenv: ^16.0.0
  prisma: ^3.12.0
  twitter-api-v2: ^1.12.0

dependencies:
  '@prisma/client': 3.12.0_prisma@3.12.0
  dotenv: 16.0.0
  twitter-api-v2: 1.12.0

devDependencies:
  prisma: 3.12.0

packages:

  /@prisma/client/3.12.0_prisma@3.12.0:
    resolution: {integrity: sha512-4NEQjUcWja/NVBvfuDFscWSk1/rXg3+wj+TSkqXCb1tKlx/bsUE00rxsvOvGg7VZ6lw1JFpGkwjwmsOIc4zvQw==}
    engines: {node: '>=12.6'}
    requiresBuild: true
    peerDependencies:
      prisma: '*'
    peerDependenciesMeta:
      prisma:
        optional: true
    dependencies:
      '@prisma/engines-version': 3.12.0-37.22b822189f46ef0dc5c5b503368d1bee01213980
      prisma: 3.12.0
    dev: false

  /@prisma/engines-version/3.12.0-37.22b822189f46ef0dc5c5b503368d1bee01213980:
    resolution: {integrity: sha512-o+jo8d7ZEiVpcpNWUDh3fj2uPQpBxl79XE9ih9nkogJbhw6P33274SHnqheedZ7PyvPIK/mvU8MLNYgetgXPYw==}
    dev: false

  /@prisma/engines/3.12.0-37.22b822189f46ef0dc5c5b503368d1bee01213980:
    resolution: {integrity: sha512-zULjkN8yhzS7B3yeEz4aIym4E2w1ChrV12i14pht3ePFufvsAvBSoZ+tuXMvfSoNTgBS5E4bolRzLbMmbwkkMQ==}
    requiresBuild: true
    dev: true

  /dotenv/16.0.0:
    resolution: {integrity: sha512-qD9WU0MPM4SWLPJy/r2Be+2WgQj8plChsyrCNQzW/0WjvcJQiKQJ9mH3ZgB3fxbUUxgc/11ZJ0Fi5KiimWGz2Q==}
    engines: {node: '>=12'}
    dev: false

  /prisma/3.12.0:
    resolution: {integrity: sha512-ltCMZAx1i0i9xuPM692Srj8McC665h6E5RqJom999sjtVSccHSD8Z+HSdBN2183h9PJKvC5dapkn78dd0NWMBg==}
    engines: {node: '>=12.6'}
    hasBin: true
    requiresBuild: true
    dependencies:
      '@prisma/engines': 3.12.0-37.22b822189f46ef0dc5c5b503368d1bee01213980
    dev: true

  /twitter-api-v2/1.12.0:
    resolution: {integrity: sha512-8Fv+sUYY0P1gloiBSgG1w/NSuGUIP32lDKMPVzIMX3jd4zDhiJFtCft41fKs+JqcD8m7s+4vkMO/XwyY2+NULQ==}
    dev: false
